// !$*UTF8*$!
{
	archiveVersion = 1;
	classes = {
	};
	objectVersion = 56;
	objects = {

/* Begin PBXBuildFile section */
		CEBBBC392AF3A04B0062EB90 /* AppDelegate.swift in Sources */ = {isa = PBXBuildFile; fileRef = CEBBBC382AF3A04B0062EB90 /* AppDelegate.swift */; };
		CEBBBC3B2AF3A04B0062EB90 /* SceneDelegate.swift in Sources */ = {isa = PBXBuildFile; fileRef = CEBBBC3A2AF3A04B0062EB90 /* SceneDelegate.swift */; };
		CEBBBC3D2AF3A04B0062EB90 /* ViewController.swift in Sources */ = {isa = PBXBuildFile; fileRef = CEBBBC3C2AF3A04B0062EB90 /* ViewController.swift */; };
		CEBBBC422AF3A04C0062EB90 /* Assets.xcassets in Resources */ = {isa = PBXBuildFile; fileRef = CEBBBC412AF3A04C0062EB90 /* Assets.xcassets */; };
		CEBBBC452AF3A04C0062EB90 /* LaunchScreen.storyboard in Resources */ = {isa = PBXBuildFile; fileRef = CEBBBC432AF3A04C0062EB90 /* LaunchScreen.storyboard */; };
		CEBBBC512AF3A21B0062EB90 /* NewPhotosViewModelProtocol.swift in Sources */ = {isa = PBXBuildFile; fileRef = CEBBBC502AF3A21B0062EB90 /* NewPhotosViewModelProtocol.swift */; };
		CEBBBC532AF3A2200062EB90 /* NewPhotosViewModel.swift in Sources */ = {isa = PBXBuildFile; fileRef = CEBBBC522AF3A2200062EB90 /* NewPhotosViewModel.swift */; };
		CEBBBC552AF3A22B0062EB90 /* NewPhotosViewController.swift in Sources */ = {isa = PBXBuildFile; fileRef = CEBBBC542AF3A22B0062EB90 /* NewPhotosViewController.swift */; };
		CEBBBC572AF3A2300062EB90 /* NewPhotosView.swift in Sources */ = {isa = PBXBuildFile; fileRef = CEBBBC562AF3A2300062EB90 /* NewPhotosView.swift */; };
		CEBBBC592AF3A23A0062EB90 /* NewPhotosViewState.swift in Sources */ = {isa = PBXBuildFile; fileRef = CEBBBC582AF3A23A0062EB90 /* NewPhotosViewState.swift */; };
		CEBBBC5F2AF3A77A0062EB90 /* Roboto-Medium.ttf in Resources */ = {isa = PBXBuildFile; fileRef = CEBBBC5E2AF3A77A0062EB90 /* Roboto-Medium.ttf */; };
		CEBBBC612AF3A8180062EB90 /* AppFonts.swift in Sources */ = {isa = PBXBuildFile; fileRef = CEBBBC602AF3A8180062EB90 /* AppFonts.swift */; };
/* End PBXBuildFile section */

/* Begin PBXFileReference section */
		CEBBBC352AF3A04B0062EB90 /* TestTaskSSG.app */ = {isa = PBXFileReference; explicitFileType = wrapper.application; includeInIndex = 0; path = TestTaskSSG.app; sourceTree = BUILT_PRODUCTS_DIR; };
		CEBBBC382AF3A04B0062EB90 /* AppDelegate.swift */ = {isa = PBXFileReference; lastKnownFileType = sourcecode.swift; path = AppDelegate.swift; sourceTree = "<group>"; };
		CEBBBC3A2AF3A04B0062EB90 /* SceneDelegate.swift */ = {isa = PBXFileReference; lastKnownFileType = sourcecode.swift; path = SceneDelegate.swift; sourceTree = "<group>"; };
		CEBBBC3C2AF3A04B0062EB90 /* ViewController.swift */ = {isa = PBXFileReference; lastKnownFileType = sourcecode.swift; path = ViewController.swift; sourceTree = "<group>"; };
		CEBBBC412AF3A04C0062EB90 /* Assets.xcassets */ = {isa = PBXFileReference; lastKnownFileType = folder.assetcatalog; path = Assets.xcassets; sourceTree = "<group>"; };
		CEBBBC442AF3A04C0062EB90 /* Base */ = {isa = PBXFileReference; lastKnownFileType = file.storyboard; name = Base; path = Base.lproj/LaunchScreen.storyboard; sourceTree = "<group>"; };
		CEBBBC462AF3A04C0062EB90 /* Info.plist */ = {isa = PBXFileReference; lastKnownFileType = text.plist.xml; path = Info.plist; sourceTree = "<group>"; };
		CEBBBC502AF3A21B0062EB90 /* NewPhotosViewModelProtocol.swift */ = {isa = PBXFileReference; lastKnownFileType = sourcecode.swift; path = NewPhotosViewModelProtocol.swift; sourceTree = "<group>"; };
		CEBBBC522AF3A2200062EB90 /* NewPhotosViewModel.swift */ = {isa = PBXFileReference; lastKnownFileType = sourcecode.swift; path = NewPhotosViewModel.swift; sourceTree = "<group>"; };
		CEBBBC542AF3A22B0062EB90 /* NewPhotosViewController.swift */ = {isa = PBXFileReference; lastKnownFileType = sourcecode.swift; path = NewPhotosViewController.swift; sourceTree = "<group>"; };
		CEBBBC562AF3A2300062EB90 /* NewPhotosView.swift */ = {isa = PBXFileReference; lastKnownFileType = sourcecode.swift; path = NewPhotosView.swift; sourceTree = "<group>"; };
		CEBBBC582AF3A23A0062EB90 /* NewPhotosViewState.swift */ = {isa = PBXFileReference; lastKnownFileType = sourcecode.swift; path = NewPhotosViewState.swift; sourceTree = "<group>"; };
		CEBBBC5E2AF3A77A0062EB90 /* Roboto-Medium.ttf */ = {isa = PBXFileReference; lastKnownFileType = file; path = "Roboto-Medium.ttf"; sourceTree = "<group>"; };
		CEBBBC602AF3A8180062EB90 /* AppFonts.swift */ = {isa = PBXFileReference; lastKnownFileType = sourcecode.swift; path = AppFonts.swift; sourceTree = "<group>"; };
/* End PBXFileReference section */

/* Begin PBXFrameworksBuildPhase section */
		CEBBBC322AF3A04B0062EB90 /* Frameworks */ = {
			isa = PBXFrameworksBuildPhase;
			buildActionMask = 2147483647;
			files = (
			);
			runOnlyForDeploymentPostprocessing = 0;
		};
/* End PBXFrameworksBuildPhase section */

/* Begin PBXGroup section */
		CEBBBC2C2AF3A04B0062EB90 = {
			isa = PBXGroup;
			children = (
				CEBBBC372AF3A04B0062EB90 /* TestTaskSSG */,
				CEBBBC362AF3A04B0062EB90 /* Products */,
			);
			sourceTree = "<group>";
		};
		CEBBBC362AF3A04B0062EB90 /* Products */ = {
			isa = PBXGroup;
			children = (
				CEBBBC352AF3A04B0062EB90 /* TestTaskSSG.app */,
			);
			name = Products;
			sourceTree = "<group>";
		};
		CEBBBC372AF3A04B0062EB90 /* TestTaskSSG */ = {
			isa = PBXGroup;
			children = (
				CEBBBC382AF3A04B0062EB90 /* AppDelegate.swift */,
				CEBBBC3A2AF3A04B0062EB90 /* SceneDelegate.swift */,
				CEBBBC3C2AF3A04B0062EB90 /* ViewController.swift */,
				CEBBBC5C2AF3A6F90062EB90 /* Helpers */,
				CEBBBC4C2AF3A1E40062EB90 /* NewPhotos */,
				CEBBBC412AF3A04C0062EB90 /* Assets.xcassets */,
				CEBBBC432AF3A04C0062EB90 /* LaunchScreen.storyboard */,
				CEBBBC462AF3A04C0062EB90 /* Info.plist */,
			);
			path = TestTaskSSG;
			sourceTree = "<group>";
		};
		CEBBBC4C2AF3A1E40062EB90 /* NewPhotos */ = {
			isa = PBXGroup;
			children = (
				CEBBBC4F2AF3A2020062EB90 /* Models */,
				CEBBBC4E2AF3A1F80062EB90 /* ViewModel */,
				CEBBBC4D2AF3A1F20062EB90 /* View */,
			);
			path = NewPhotos;
			sourceTree = "<group>";
		};
		CEBBBC4D2AF3A1F20062EB90 /* View */ = {
			isa = PBXGroup;
			children = (
				CEBBBC542AF3A22B0062EB90 /* NewPhotosViewController.swift */,
				CEBBBC562AF3A2300062EB90 /* NewPhotosView.swift */,
				CEBBBC582AF3A23A0062EB90 /* NewPhotosViewState.swift */,
			);
			path = View;
			sourceTree = "<group>";
		};
		CEBBBC4E2AF3A1F80062EB90 /* ViewModel */ = {
			isa = PBXGroup;
			children = (
				CEBBBC502AF3A21B0062EB90 /* NewPhotosViewModelProtocol.swift */,
				CEBBBC522AF3A2200062EB90 /* NewPhotosViewModel.swift */,
			);
			path = ViewModel;
			sourceTree = "<group>";
		};
		CEBBBC4F2AF3A2020062EB90 /* Models */ = {
			isa = PBXGroup;
			children = (
			);
			path = Models;
			sourceTree = "<group>";
		};
		CEBBBC5C2AF3A6F90062EB90 /* Helpers */ = {
			isa = PBXGroup;
			children = (
				CEBBBC5D2AF3A7030062EB90 /* Fonts */,
			);
			path = Helpers;
			sourceTree = "<group>";
		};
		CEBBBC5D2AF3A7030062EB90 /* Fonts */ = {
			isa = PBXGroup;
			children = (
				CEBBBC5E2AF3A77A0062EB90 /* Roboto-Medium.ttf */,
				CEBBBC602AF3A8180062EB90 /* AppFonts.swift */,
			);
			path = Fonts;
			sourceTree = "<group>";
		};
/* End PBXGroup section */

/* Begin PBXNativeTarget section */
		CEBBBC342AF3A04B0062EB90 /* TestTaskSSG */ = {
			isa = PBXNativeTarget;
			buildConfigurationList = CEBBBC492AF3A04C0062EB90 /* Build configuration list for PBXNativeTarget "TestTaskSSG" */;
			buildPhases = (
				CEBBBC312AF3A04B0062EB90 /* Sources */,
				CEBBBC322AF3A04B0062EB90 /* Frameworks */,
				CEBBBC332AF3A04B0062EB90 /* Resources */,
			);
			buildRules = (
			);
			dependencies = (
			);
			name = TestTaskSSG;
			productName = TestTaskSSG;
			productReference = CEBBBC352AF3A04B0062EB90 /* TestTaskSSG.app */;
			productType = "com.apple.product-type.application";
		};
/* End PBXNativeTarget section */

/* Begin PBXProject section */
		CEBBBC2D2AF3A04B0062EB90 /* Project object */ = {
			isa = PBXProject;
			attributes = {
				BuildIndependentTargetsInParallel = 1;
				LastSwiftUpdateCheck = 1500;
				LastUpgradeCheck = 1500;
				TargetAttributes = {
					CEBBBC342AF3A04B0062EB90 = {
						CreatedOnToolsVersion = 15.0.1;
					};
				};
			};
			buildConfigurationList = CEBBBC302AF3A04B0062EB90 /* Build configuration list for PBXProject "TestTaskSSG" */;
			compatibilityVersion = "Xcode 14.0";
			developmentRegion = en;
			hasScannedForEncodings = 0;
			knownRegions = (
				en,
				Base,
			);
			mainGroup = CEBBBC2C2AF3A04B0062EB90;
			productRefGroup = CEBBBC362AF3A04B0062EB90 /* Products */;
			projectDirPath = "";
			projectRoot = "";
			targets = (
				CEBBBC342AF3A04B0062EB90 /* TestTaskSSG */,
			);
		};
/* End PBXProject section */

/* Begin PBXResourcesBuildPhase section */
		CEBBBC332AF3A04B0062EB90 /* Resources */ = {
			isa = PBXResourcesBuildPhase;
			buildActionMask = 2147483647;
			files = (
				CEBBBC452AF3A04C0062EB90 /* LaunchScreen.storyboard in Resources */,
				CEBBBC422AF3A04C0062EB90 /* Assets.xcassets in Resources */,
				CEBBBC5F2AF3A77A0062EB90 /* Roboto-Medium.ttf in Resources */,
			);
			runOnlyForDeploymentPostprocessing = 0;
		};
/* End PBXResourcesBuildPhase section */

/* Begin PBXSourcesBuildPhase section */
		CEBBBC312AF3A04B0062EB90 /* Sources */ = {
			isa = PBXSourcesBuildPhase;
			buildActionMask = 2147483647;
			files = (
				CEBBBC572AF3A2300062EB90 /* NewPhotosView.swift in Sources */,
				CEBBBC512AF3A21B0062EB90 /* NewPhotosViewModelProtocol.swift in Sources */,
				CEBBBC3D2AF3A04B0062EB90 /* ViewController.swift in Sources */,
				CEBBBC612AF3A8180062EB90 /* AppFonts.swift in Sources */,
				CEBBBC392AF3A04B0062EB90 /* AppDelegate.swift in Sources */,
				CEBBBC3B2AF3A04B0062EB90 /* SceneDelegate.swift in Sources */,
				CEBBBC552AF3A22B0062EB90 /* NewPhotosViewController.swift in Sources */,
				CEBBBC592AF3A23A0062EB90 /* NewPhotosViewState.swift in Sources */,
				CEBBBC532AF3A2200062EB90 /* NewPhotosViewModel.swift in Sources */,
			);
			runOnlyForDeploymentPostprocessing = 0;
		};
/* End PBXSourcesBuildPhase section */

/* Begin PBXVariantGroup section */
		CEBBBC432AF3A04C0062EB90 /* LaunchScreen.storyboard */ = {
			isa = PBXVariantGroup;
			children = (
				CEBBBC442AF3A04C0062EB90 /* Base */,
			);
			name = LaunchScreen.storyboard;
			sourceTree = "<group>";
		};
/* End PBXVariantGroup section */

/* Begin XCBuildConfiguration section */
		CEBBBC472AF3A04C0062EB90 /* Debug */ = {
			isa = XCBuildConfiguration;
			buildSettings = {
				ALWAYS_SEARCH_USER_PATHS = NO;
				ASSETCATALOG_COMPILER_GENERATE_SWIFT_ASSET_SYMBOL_EXTENSIONS = YES;
				CLANG_ANALYZER_NONNULL = YES;
				CLANG_ANALYZER_NUMBER_OBJECT_CONVERSION = YES_AGGRESSIVE;
				CLANG_CXX_LANGUAGE_STANDARD = "gnu++20";
				CLANG_ENABLE_MODULES = YES;
				CLANG_ENABLE_OBJC_ARC = YES;
				CLANG_ENABLE_OBJC_WEAK = YES;
				CLANG_WARN_BLOCK_CAPTURE_AUTORELEASING = YES;
				CLANG_WARN_BOOL_CONVERSION = YES;
				CLANG_WARN_COMMA = YES;
				CLANG_WARN_CONSTANT_CONVERSION = YES;
				CLANG_WARN_DEPRECATED_OBJC_IMPLEMENTATIONS = YES;
				CLANG_WARN_DIRECT_OBJC_ISA_USAGE = YES_ERROR;
				CLANG_WARN_DOCUMENTATION_COMMENTS = YES;
				CLANG_WARN_EMPTY_BODY = YES;
				CLANG_WARN_ENUM_CONVERSION = YES;
				CLANG_WARN_INFINITE_RECURSION = YES;
				CLANG_WARN_INT_CONVERSION = YES;
				CLANG_WARN_NON_LITERAL_NULL_CONVERSION = YES;
				CLANG_WARN_OBJC_IMPLICIT_RETAIN_SELF = YES;
				CLANG_WARN_OBJC_LITERAL_CONVERSION = YES;
				CLANG_WARN_OBJC_ROOT_CLASS = YES_ERROR;
				CLANG_WARN_QUOTED_INCLUDE_IN_FRAMEWORK_HEADER = YES;
				CLANG_WARN_RANGE_LOOP_ANALYSIS = YES;
				CLANG_WARN_STRICT_PROTOTYPES = YES;
				CLANG_WARN_SUSPICIOUS_MOVE = YES;
				CLANG_WARN_UNGUARDED_AVAILABILITY = YES_AGGRESSIVE;
				CLANG_WARN_UNREACHABLE_CODE = YES;
				CLANG_WARN__DUPLICATE_METHOD_MATCH = YES;
				COPY_PHASE_STRIP = NO;
				DEBUG_INFORMATION_FORMAT = dwarf;
				ENABLE_STRICT_OBJC_MSGSEND = YES;
				ENABLE_TESTABILITY = YES;
				ENABLE_USER_SCRIPT_SANDBOXING = YES;
				GCC_C_LANGUAGE_STANDARD = gnu17;
				GCC_DYNAMIC_NO_PIC = NO;
				GCC_NO_COMMON_BLOCKS = YES;
				GCC_OPTIMIZATION_LEVEL = 0;
				GCC_PREPROCESSOR_DEFINITIONS = (
					"DEBUG=1",
					"$(inherited)",
				);
				GCC_WARN_64_TO_32_BIT_CONVERSION = YES;
				GCC_WARN_ABOUT_RETURN_TYPE = YES_ERROR;
				GCC_WARN_UNDECLARED_SELECTOR = YES;
				GCC_WARN_UNINITIALIZED_AUTOS = YES_AGGRESSIVE;
				GCC_WARN_UNUSED_FUNCTION = YES;
				GCC_WARN_UNUSED_VARIABLE = YES;
				IPHONEOS_DEPLOYMENT_TARGET = 17.0;
				LOCALIZATION_PREFERS_STRING_CATALOGS = YES;
				MTL_ENABLE_DEBUG_INFO = INCLUDE_SOURCE;
				MTL_FAST_MATH = YES;
				ONLY_ACTIVE_ARCH = YES;
				SDKROOT = iphoneos;
				SWIFT_ACTIVE_COMPILATION_CONDITIONS = "DEBUG $(inherited)";
				SWIFT_OPTIMIZATION_LEVEL = "-Onone";
			};
			name = Debug;
		};
		CEBBBC482AF3A04C0062EB90 /* Release */ = {
			isa = XCBuildConfiguration;
			buildSettings = {
				ALWAYS_SEARCH_USER_PATHS = NO;
				ASSETCATALOG_COMPILER_GENERATE_SWIFT_ASSET_SYMBOL_EXTENSIONS = YES;
				CLANG_ANALYZER_NONNULL = YES;
				CLANG_ANALYZER_NUMBER_OBJECT_CONVERSION = YES_AGGRESSIVE;
				CLANG_CXX_LANGUAGE_STANDARD = "gnu++20";
				CLANG_ENABLE_MODULES = YES;
				CLANG_ENABLE_OBJC_ARC = YES;
				CLANG_ENABLE_OBJC_WEAK = YES;
				CLANG_WARN_BLOCK_CAPTURE_AUTORELEASING = YES;
				CLANG_WARN_BOOL_CONVERSION = YES;
				CLANG_WARN_COMMA = YES;
				CLANG_WARN_CONSTANT_CONVERSION = YES;
				CLANG_WARN_DEPRECATED_OBJC_IMPLEMENTATIONS = YES;
				CLANG_WARN_DIRECT_OBJC_ISA_USAGE = YES_ERROR;
				CLANG_WARN_DOCUMENTATION_COMMENTS = YES;
				CLANG_WARN_EMPTY_BODY = YES;
				CLANG_WARN_ENUM_CONVERSION = YES;
				CLANG_WARN_INFINITE_RECURSION = YES;
				CLANG_WARN_INT_CONVERSION = YES;
				CLANG_WARN_NON_LITERAL_NULL_CONVERSION = YES;
				CLANG_WARN_OBJC_IMPLICIT_RETAIN_SELF = YES;
				CLANG_WARN_OBJC_LITERAL_CONVERSION = YES;
				CLANG_WARN_OBJC_ROOT_CLASS = YES_ERROR;
				CLANG_WARN_QUOTED_INCLUDE_IN_FRAMEWORK_HEADER = YES;
				CLANG_WARN_RANGE_LOOP_ANALYSIS = YES;
				CLANG_WARN_STRICT_PROTOTYPES = YES;
				CLANG_WARN_SUSPICIOUS_MOVE = YES;
				CLANG_WARN_UNGUARDED_AVAILABILITY = YES_AGGRESSIVE;
				CLANG_WARN_UNREACHABLE_CODE = YES;
				CLANG_WARN__DUPLICATE_METHOD_MATCH = YES;
				COPY_PHASE_STRIP = NO;
				DEBUG_INFORMATION_FORMAT = "dwarf-with-dsym";
				ENABLE_NS_ASSERTIONS = NO;
				ENABLE_STRICT_OBJC_MSGSEND = YES;
				ENABLE_USER_SCRIPT_SANDBOXING = YES;
				GCC_C_LANGUAGE_STANDARD = gnu17;
				GCC_NO_COMMON_BLOCKS = YES;
				GCC_WARN_64_TO_32_BIT_CONVERSION = YES;
				GCC_WARN_ABOUT_RETURN_TYPE = YES_ERROR;
				GCC_WARN_UNDECLARED_SELECTOR = YES;
				GCC_WARN_UNINITIALIZED_AUTOS = YES_AGGRESSIVE;
				GCC_WARN_UNUSED_FUNCTION = YES;
				GCC_WARN_UNUSED_VARIABLE = YES;
				IPHONEOS_DEPLOYMENT_TARGET = 17.0;
				LOCALIZATION_PREFERS_STRING_CATALOGS = YES;
				MTL_ENABLE_DEBUG_INFO = NO;
				MTL_FAST_MATH = YES;
				SDKROOT = iphoneos;
				SWIFT_COMPILATION_MODE = wholemodule;
				VALIDATE_PRODUCT = YES;
			};
			name = Release;
		};
		CEBBBC4A2AF3A04C0062EB90 /* Debug */ = {
			isa = XCBuildConfiguration;
			buildSettings = {
				ASSETCATALOG_COMPILER_APPICON_NAME = AppIcon;
				ASSETCATALOG_COMPILER_GLOBAL_ACCENT_COLOR_NAME = AccentColor;
				CODE_SIGN_STYLE = Automatic;
				CURRENT_PROJECT_VERSION = 1;
				DEVELOPMENT_TEAM = 7TYKLHS5UF;
				GENERATE_INFOPLIST_FILE = YES;
				INFOPLIST_FILE = TestTaskSSG/Info.plist;
				INFOPLIST_KEY_UIApplicationSupportsIndirectInputEvents = YES;
				INFOPLIST_KEY_UILaunchStoryboardName = LaunchScreen;
				INFOPLIST_KEY_UIMainStoryboardFile = "";
				INFOPLIST_KEY_UISupportedInterfaceOrientations_iPad = "UIInterfaceOrientationPortrait UIInterfaceOrientationPortraitUpsideDown UIInterfaceOrientationLandscapeLeft UIInterfaceOrientationLandscapeRight";
				INFOPLIST_KEY_UISupportedInterfaceOrientations_iPhone = "UIInterfaceOrientationPortrait UIInterfaceOrientationLandscapeLeft UIInterfaceOrientationLandscapeRight";
				IPHONEOS_DEPLOYMENT_TARGET = 13.0;
				LD_RUNPATH_SEARCH_PATHS = (
					"$(inherited)",
					"@executable_path/Frameworks",
				);
				MARKETING_VERSION = 1.0;
				PRODUCT_BUNDLE_IDENTIFIER = dev.antoniuk.roman.TestTaskSSG;
				PRODUCT_NAME = "$(TARGET_NAME)";
				SWIFT_EMIT_LOC_STRINGS = YES;
				SWIFT_VERSION = 5.0;
				TARGETED_DEVICE_FAMILY = "1,2";
			};
			name = Debug;
		};
		CEBBBC4B2AF3A04C0062EB90 /* Release */ = {
			isa = XCBuildConfiguration;
			buildSettings = {
				ASSETCATALOG_COMPILER_APPICON_NAME = AppIcon;
				ASSETCATALOG_COMPILER_GLOBAL_ACCENT_COLOR_NAME = AccentColor;
				CODE_SIGN_STYLE = Automatic;
				CURRENT_PROJECT_VERSION = 1;
				DEVELOPMENT_TEAM = 7TYKLHS5UF;
				GENERATE_INFOPLIST_FILE = YES;
				INFOPLIST_FILE = TestTaskSSG/Info.plist;
				INFOPLIST_KEY_UIApplicationSupportsIndirectInputEvents = YES;
				INFOPLIST_KEY_UILaunchStoryboardName = LaunchScreen;
				INFOPLIST_KEY_UIMainStoryboardFile = "";
				INFOPLIST_KEY_UISupportedInterfaceOrientations_iPad = "UIInterfaceOrientationPortrait UIInterfaceOrientationPortraitUpsideDown UIInterfaceOrientationLandscapeLeft UIInterfaceOrientationLandscapeRight";
				INFOPLIST_KEY_UISupportedInterfaceOrientations_iPhone = "UIInterfaceOrientationPortrait UIInterfaceOrientationLandscapeLeft UIInterfaceOrientationLandscapeRight";
				IPHONEOS_DEPLOYMENT_TARGET = 13.0;
				LD_RUNPATH_SEARCH_PATHS = (
					"$(inherited)",
					"@executable_path/Frameworks",
				);
				MARKETING_VERSION = 1.0;
				PRODUCT_BUNDLE_IDENTIFIER = dev.antoniuk.roman.TestTaskSSG;
				PRODUCT_NAME = "$(TARGET_NAME)";
				SWIFT_EMIT_LOC_STRINGS = YES;
				SWIFT_VERSION = 5.0;
				TARGETED_DEVICE_FAMILY = "1,2";
			};
			name = Release;
		};
/* End XCBuildConfiguration section */

/* Begin XCConfigurationList section */
		CEBBBC302AF3A04B0062EB90 /* Build configuration list for PBXProject "TestTaskSSG" */ = {
			isa = XCConfigurationList;
			buildConfigurations = (
				CEBBBC472AF3A04C0062EB90 /* Debug */,
				CEBBBC482AF3A04C0062EB90 /* Release */,
			);
			defaultConfigurationIsVisible = 0;
			defaultConfigurationName = Release;
		};
		CEBBBC492AF3A04C0062EB90 /* Build configuration list for PBXNativeTarget "TestTaskSSG" */ = {
			isa = XCConfigurationList;
			buildConfigurations = (
				CEBBBC4A2AF3A04C0062EB90 /* Debug */,
				CEBBBC4B2AF3A04C0062EB90 /* Release */,
			);
			defaultConfigurationIsVisible = 0;
			defaultConfigurationName = Release;
		};
/* End XCConfigurationList section */
	};
	rootObject = CEBBBC2D2AF3A04B0062EB90 /* Project object */;
}
